// !$*UTF8*$!
{
	archiveVersion = 1;
	classes = {
	};
	objectVersion = 46;
	objects = {

/* Begin PBXBuildFile section */
		BAF1F2811ADD4FD300670873 /* main.m in Sources */ = {isa = PBXBuildFile; fileRef = BAF1F2801ADD4FD300670873 /* main.m */; };
		BAF1F2841ADD4FD300670873 /* AppDelegate.m in Sources */ = {isa = PBXBuildFile; fileRef = BAF1F2831ADD4FD300670873 /* AppDelegate.m */; };
		BAF1F2871ADD4FD300670873 /* ViewController.m in Sources */ = {isa = PBXBuildFile; fileRef = BAF1F2861ADD4FD300670873 /* ViewController.m */; };
		BAF1F28A1ADD4FD300670873 /* Main.storyboard in Resources */ = {isa = PBXBuildFile; fileRef = BAF1F2881ADD4FD300670873 /* Main.storyboard */; };
		BAF1F28C1ADD4FD300670873 /* Images.xcassets in Resources */ = {isa = PBXBuildFile; fileRef = BAF1F28B1ADD4FD300670873 /* Images.xcassets */; };
		BAF1F28F1ADD4FD300670873 /* LaunchScreen.xib in Resources */ = {isa = PBXBuildFile; fileRef = BAF1F28D1ADD4FD300670873 /* LaunchScreen.xib */; };
/* End PBXBuildFile section */

/* Begin PBXFileReference section */
		BAF1F27B1ADD4FD300670873 /* Test.app */ = {isa = PBXFileReference; explicitFileType = wrapper.application; includeInIndex = 0; path = Test.app; sourceTree = BUILT_PRODUCTS_DIR; };
		BAF1F27F1ADD4FD300670873 /* Info.plist */ = {isa = PBXFileReference; lastKnownFileType = text.plist.xml; path = Info.plist; sourceTree = "<group>"; };
		BAF1F2801ADD4FD300670873 /* main.m */ = {isa = PBXFileReference; lastKnownFileType = sourcecode.c.objc; path = main.m; sourceTree = "<group>"; };
		BAF1F2821ADD4FD300670873 /* AppDelegate.h */ = {isa = PBXFileReference; lastKnownFileType = sourcecode.c.h; path = AppDelegate.h; sourceTree = "<group>"; };
		BAF1F2831ADD4FD300670873 /* AppDelegate.m */ = {isa = PBXFileReference; lastKnownFileType = sourcecode.c.objc; path = AppDelegate.m; sourceTree = "<group>"; };
		BAF1F2851ADD4FD300670873 /* ViewController.h */ = {isa = PBXFileReference; lastKnownFileType = sourcecode.c.h; path = ViewController.h; sourceTree = "<group>"; };
		BAF1F2861ADD4FD300670873 /* ViewController.m */ = {isa = PBXFileReference; lastKnownFileType = sourcecode.c.objc; path = ViewController.m; sourceTree = "<group>"; };
		BAF1F2891ADD4FD300670873 /* Base */ = {isa = PBXFileReference; lastKnownFileType = file.storyboard; name = Base; path = Base.lproj/Main.storyboard; sourceTree = "<group>"; };
		BAF1F28B1ADD4FD300670873 /* Images.xcassets */ = {isa = PBXFileReference; lastKnownFileType = folder.assetcatalog; path = Images.xcassets; sourceTree = "<group>"; };
		BAF1F28E1ADD4FD300670873 /* Base */ = {isa = PBXFileReference; lastKnownFileType = file.xib; name = Base; path = Base.lproj/LaunchScreen.xib; sourceTree = "<group>"; };
/* End PBXFileReference section */

/* Begin PBXFrameworksBuildPhase section */
		BAF1F2781ADD4FD300670873 /* Frameworks */ = {
			isa = PBXFrameworksBuildPhase;
			buildActionMask = 2147483647;
			files = (
			);
			runOnlyForDeploymentPostprocessing = 0;
		};
/* End PBXFrameworksBuildPhase section */

/* Begin PBXGroup section */
		BAF1F2721ADD4FD300670873 = {
			isa = PBXGroup;
			children = (
				BAF1F27D1ADD4FD300670873 /* Test */,
				BAF1F27C1ADD4FD300670873 /* Products */,
			);
			sourceTree = "<group>";
		};
		BAF1F27C1ADD4FD300670873 /* Products */ = {
			isa = PBXGroup;
			children = (
				BAF1F27B1ADD4FD300670873 /* Test.app */,
			);
			name = Products;
			sourceTree = "<group>";
		};
		BAF1F27D1ADD4FD300670873 /* Test */ = {
			isa = PBXGroup;
			children = (
				BAF1F2821ADD4FD300670873 /* AppDelegate.h */,
				BAF1F2831ADD4FD300670873 /* AppDelegate.m */,
				BAF1F2851ADD4FD300670873 /* ViewController.h */,
				BAF1F2861ADD4FD300670873 /* ViewController.m */,
				BAF1F2881ADD4FD300670873 /* Main.storyboard */,
				BAF1F28B1ADD4FD300670873 /* Images.xcassets */,
				BAF1F28D1ADD4FD300670873 /* LaunchScreen.xib */,
				BAF1F27E1ADD4FD300670873 /* Supporting Files */,
			);
			path = Test;
			sourceTree = "<group>";
		};
		BAF1F27E1ADD4FD300670873 /* Supporting Files */ = {
			isa = PBXGroup;
			children = (
				BAF1F27F1ADD4FD300670873 /* Info.plist */,
				BAF1F2801ADD4FD300670873 /* main.m */,
			);
			name = "Supporting Files";
			sourceTree = "<group>";
		};
/* End PBXGroup section */

/* Begin PBXNativeTarget section */
		BAF1F27A1ADD4FD300670873 /* Test */ = {
			isa = PBXNativeTarget;
			buildConfigurationList = BAF1F29E1ADD4FD300670873 /* Build configuration list for PBXNativeTarget "Test" */;
			buildPhases = (
				BAF1F2771ADD4FD300670873 /* Sources */,
				BAF1F2781ADD4FD300670873 /* Frameworks */,
				BAF1F2791ADD4FD300670873 /* Resources */,
			);
			buildRules = (
			);
			dependencies = (
			);
			name = Test;
			productName = Test;
			productReference = BAF1F27B1ADD4FD300670873 /* Test.app */;
			productType = "com.apple.product-type.application";
		};
/* End PBXNativeTarget section */

/* Begin PBXProject section */
		BAF1F2731ADD4FD300670873 /* Project object */ = {
			isa = PBXProject;
			attributes = {
				LastUpgradeCheck = 0620;
				ORGANIZATIONNAME = AnyWayAnyDay;
				TargetAttributes = {
					BAF1F27A1ADD4FD300670873 = {
						CreatedOnToolsVersion = 6.2;
					};
				};
			};
			buildConfigurationList = BAF1F2761ADD4FD300670873 /* Build configuration list for PBXProject "Test" */;
			compatibilityVersion = "Xcode 3.2";
			developmentRegion = English;
			hasScannedForEncodings = 0;
			knownRegions = (
				en,
				Base,
			);
			mainGroup = BAF1F2721ADD4FD300670873;
			productRefGroup = BAF1F27C1ADD4FD300670873 /* Products */;
			projectDirPath = "";
			projectRoot = "";
			targets = (
				BAF1F27A1ADD4FD300670873 /* Test */,
			);
		};
/* End PBXProject section */

/* Begin PBXResourcesBuildPhase section */
		BAF1F2791ADD4FD300670873 /* Resources */ = {
			isa = PBXResourcesBuildPhase;
			buildActionMask = 2147483647;
			files = (
				BAF1F28A1ADD4FD300670873 /* Main.storyboard in Resources */,
				BAF1F28F1ADD4FD300670873 /* LaunchScreen.xib in Resources */,
				BAF1F28C1ADD4FD300670873 /* Images.xcassets in Resources */,
			);
			runOnlyForDeploymentPostprocessing = 0;
		};
/* End PBXResourcesBuildPhase section */

/* Begin PBXSourcesBuildPhase section */
		BAF1F2771ADD4FD300670873 /* Sources */ = {
			isa = PBXSourcesBuildPhase;
			buildActionMask = 2147483647;
			files = (
				BAF1F2871ADD4FD300670873 /* ViewController.m in Sources */,
				BAF1F2841ADD4FD300670873 /* AppDelegate.m in Sources */,
				BAF1F2811ADD4FD300670873 /* main.m in Sources */,
			);
			runOnlyForDeploymentPostprocessing = 0;
		};
/* End PBXSourcesBuildPhase section */

/* Begin PBXVariantGroup section */
		BAF1F2881ADD4FD300670873 /* Main.storyboard */ = {
			isa = PBXVariantGroup;
			children = (
				BAF1F2891ADD4FD300670873 /* Base */,
			);
			name = Main.storyboard;
			sourceTree = "<group>";
		};
		BAF1F28D1ADD4FD300670873 /* LaunchScreen.xib */ = {
			isa = PBXVariantGroup;
			children = (
				BAF1F28E1ADD4FD300670873 /* Base */,
			);
			name = LaunchScreen.xib;
			sourceTree = "<group>";
		};
/* End PBXVariantGroup section */

/* Begin XCBuildConfiguration section */
		BAF1F29C1ADD4FD300670873 /* Debug */ = {
			isa = XCBuildConfiguration;
			buildSettings = {
				ALWAYS_SEARCH_USER_PATHS = NO;
				CLANG_CXX_LANGUAGE_STANDARD = "gnu++0x";
				CLANG_CXX_LIBRARY = "libc++";
				CLANG_ENABLE_MODULES = YES;
				CLANG_ENABLE_OBJC_ARC = YES;
				CLANG_WARN_BOOL_CONVERSION = YES;
				CLANG_WARN_CONSTANT_CONVERSION = YES;
				CLANG_WARN_DIRECT_OBJC_ISA_USAGE = YES_ERROR;
				CLANG_WARN_EMPTY_BODY = YES;
				CLANG_WARN_ENUM_CONVERSION = YES;
				CLANG_WARN_INT_CONVERSION = YES;
				CLANG_WARN_OBJC_ROOT_CLASS = YES_ERROR;
				CLANG_WARN_UNREACHABLE_CODE = YES;
				CLANG_WARN__DUPLICATE_METHOD_MATCH = YES;
				"CODE_SIGN_IDENTITY[sdk=iphoneos*]" = "iPhone Developer";
				COPY_PHASE_STRIP = NO;
				ENABLE_STRICT_OBJC_MSGSEND = YES;
				GCC_C_LANGUAGE_STANDARD = gnu99;
				GCC_DYNAMIC_NO_PIC = NO;
				GCC_OPTIMIZATION_LEVEL = 0;
				GCC_PREPROCESSOR_DEFINITIONS = (
					"DEBUG=1",
					"$(inherited)",
				);
				GCC_SYMBOLS_PRIVATE_EXTERN = NO;
				GCC_WARN_64_TO_32_BIT_CONVERSION = YES;
				GCC_WARN_ABOUT_RETURN_TYPE = YES_ERROR;
				GCC_WARN_UNDECLARED_SELECTOR = YES;
				GCC_WARN_UNINITIALIZED_AUTOS = YES_AGGRESSIVE;
				GCC_WARN_UNUSED_FUNCTION = YES;
				GCC_WARN_UNUSED_VARIABLE = YES;
				IPHONEOS_DEPLOYMENT_TARGET = 6.0;
				MTL_ENABLE_DEBUG_INFO = YES;
				ONLY_ACTIVE_ARCH = YES;
				SDKROOT = iphoneos;
				TARGETED_DEVICE_FAMILY = "1,2";
			};
			name = Debug;
		};
		BAF1F29D1ADD4FD300670873 /* Release */ = {
			isa = XCBuildConfiguration;
			buildSettings = {
				ALWAYS_SEARCH_USER_PATHS = NO;
				CLANG_CXX_LANGUAGE_STANDARD = "gnu++0x";
				CLANG_CXX_LIBRARY = "libc++";
				CLANG_ENABLE_MODULES = YES;
				CLANG_ENABLE_OBJC_ARC = YES;
				CLANG_WARN_BOOL_CONVERSION = YES;
				CLANG_WARN_CONSTANT_CONVERSION = YES;
				CLANG_WARN_DIRECT_OBJC_ISA_USAGE = YES_ERROR;
				CLANG_WARN_EMPTY_BODY = YES;
				CLANG_WARN_ENUM_CONVERSION = YES;
				CLANG_WARN_INT_CONVERSION = YES;
				CLANG_WARN_OBJC_ROOT_CLASS = YES_ERROR;
				CLANG_WARN_UNREACHABLE_CODE = YES;
				CLANG_WARN__DUPLICATE_METHOD_MATCH = YES;
				"CODE_SIGN_IDENTITY[sdk=iphoneos*]" = "iPhone Developer";
				COPY_PHASE_STRIP = NO;
				ENABLE_NS_ASSERTIONS = NO;
				ENABLE_STRICT_OBJC_MSGSEND = YES;
				GCC_C_LANGUAGE_STANDARD = gnu99;
				GCC_WARN_64_TO_32_BIT_CONVERSION = YES;
				GCC_WARN_ABOUT_RETURN_TYPE = YES_ERROR;
				GCC_WARN_UNDECLARED_SELECTOR = YES;
				GCC_WARN_UNINITIALIZED_AUTOS = YES_AGGRESSIVE;
				GCC_WARN_UNUSED_FUNCTION = YES;
				GCC_WARN_UNUSED_VARIABLE = YES;
				IPHONEOS_DEPLOYMENT_TARGET = 6.0;
				MTL_ENABLE_DEBUG_INFO = NO;
				SDKROOT = iphoneos;
				TARGETED_DEVICE_FAMILY = "1,2";
				VALIDATE_PRODUCT = YES;
			};
			name = Release;
		};
		BAF1F29F1ADD4FD300670873 /* Debug */ = {
			isa = XCBuildConfiguration;
			buildSettings = {
				ASSETCATALOG_COMPILER_APPICON_NAME = AppIcon;
				INFOPLIST_FILE = Test/Info.plist;
				LD_RUNPATH_SEARCH_PATHS = "$(inherited) @executable_path/Frameworks";
				PRODUCT_NAME = "$(TARGET_NAME)";
			};
			name = Debug;
		};
		BAF1F2A01ADD4FD300670873 /* Release */ = {
			isa = XCBuildConfiguration;
			buildSettings = {
				ASSETCATALOG_COMPILER_APPICON_NAME = AppIcon;
				INFOPLIST_FILE = Test/Info.plist;
				LD_RUNPATH_SEARCH_PATHS = "$(inherited) @executable_path/Frameworks";
				PRODUCT_NAME = "$(TARGET_NAME)";
			};
			name = Release;
		};
/* End XCBuildConfiguration section */

/* Begin XCConfigurationList section */
		BAF1F2761ADD4FD300670873 /* Build configuration list for PBXProject "Test" */ = {
			isa = XCConfigurationList;
			buildConfigurations = (
				BAF1F29C1ADD4FD300670873 /* Debug */,
				BAF1F29D1ADD4FD300670873 /* Release */,
			);
			defaultConfigurationIsVisible = 0;
			defaultConfigurationName = Release;
		};
		BAF1F29E1ADD4FD300670873 /* Build configuration list for PBXNativeTarget "Test" */ = {
			isa = XCConfigurationList;
			buildConfigurations = (
				BAF1F29F1ADD4FD300670873 /* Debug */,
				BAF1F2A01ADD4FD300670873 /* Release */,
			);
			defaultConfigurationIsVisible = 0;
		};
/* End XCConfigurationList section */
	};
	rootObject = BAF1F2731ADD4FD300670873 /* Project object */;
}
