// !$*UTF8*$!
{
	archiveVersion = 1;
	classes = {
	};
	objectVersion = 46;
	objects = {

/* Begin PBXBuildFile section */
		4AF2F85F2D61D791A5D8957B /* libPods-Test.a in Frameworks */ = {isa = PBXBuildFile; fileRef = EE9F3E750F8771459463B31E /* libPods-Test.a */; };
		BA7F35C71ADD610200345316 /* AppDelegate.m in Sources */ = {isa = PBXBuildFile; fileRef = BA7F35C21ADD610200345316 /* AppDelegate.m */; };
		BA7F35CC1ADD62B200345316 /* Info.plist in Resources */ = {isa = PBXBuildFile; fileRef = BA7F35CA1ADD62B200345316 /* Info.plist */; };
		BA7F35CD1ADD62B200345316 /* main.m in Sources */ = {isa = PBXBuildFile; fileRef = BA7F35CB1ADD62B200345316 /* main.m */; };
		BA7F35E11ADD653900345316 /* Constants.m in Sources */ = {isa = PBXBuildFile; fileRef = BA7F35DE1ADD653900345316 /* Constants.m */; };
		BA7F35EF1ADD660D00345316 /* LaunchScreen.xib in Resources */ = {isa = PBXBuildFile; fileRef = BA7F35EB1ADD660D00345316 /* LaunchScreen.xib */; };
		BA7F35F01ADD660D00345316 /* Main.storyboard in Resources */ = {isa = PBXBuildFile; fileRef = BA7F35ED1ADD660D00345316 /* Main.storyboard */; };
		BA7F35F71ADD900F00345316 /* FlightSearchController.m in Sources */ = {isa = PBXBuildFile; fileRef = BA7F35F61ADD900F00345316 /* FlightSearchController.m */; };
		BA7F35FA1ADD902200345316 /* FlightDateSelectionController.m in Sources */ = {isa = PBXBuildFile; fileRef = BA7F35F91ADD902200345316 /* FlightDateSelectionController.m */; };
		BAF1F28C1ADD4FD300670873 /* Images.xcassets in Resources */ = {isa = PBXBuildFile; fileRef = BAF1F28B1ADD4FD300670873 /* Images.xcassets */; };
/* End PBXBuildFile section */

/* Begin PBXFileReference section */
		6A6BD6B3FC18052E4672364E /* Pods-Test.debug.xcconfig */ = {isa = PBXFileReference; includeInIndex = 1; lastKnownFileType = text.xcconfig; name = "Pods-Test.debug.xcconfig"; path = "Pods/Target Support Files/Pods-Test/Pods-Test.debug.xcconfig"; sourceTree = "<group>"; };
		897940753F58AEC0B9432922 /* Pods-Test.release.xcconfig */ = {isa = PBXFileReference; includeInIndex = 1; lastKnownFileType = text.xcconfig; name = "Pods-Test.release.xcconfig"; path = "Pods/Target Support Files/Pods-Test/Pods-Test.release.xcconfig"; sourceTree = "<group>"; };
		BA7F35C11ADD610200345316 /* AppDelegate.h */ = {isa = PBXFileReference; fileEncoding = 4; lastKnownFileType = sourcecode.c.h; path = AppDelegate.h; sourceTree = "<group>"; };
		BA7F35C21ADD610200345316 /* AppDelegate.m */ = {isa = PBXFileReference; fileEncoding = 4; lastKnownFileType = sourcecode.c.objc; path = AppDelegate.m; sourceTree = "<group>"; };
		BA7F35CA1ADD62B200345316 /* Info.plist */ = {isa = PBXFileReference; fileEncoding = 4; lastKnownFileType = text.plist.xml; path = Info.plist; sourceTree = "<group>"; };
		BA7F35CB1ADD62B200345316 /* main.m */ = {isa = PBXFileReference; fileEncoding = 4; lastKnownFileType = sourcecode.c.objc; path = main.m; sourceTree = "<group>"; };
		BA7F35DD1ADD653900345316 /* Constants.h */ = {isa = PBXFileReference; fileEncoding = 4; lastKnownFileType = sourcecode.c.h; path = Constants.h; sourceTree = "<group>"; };
		BA7F35DE1ADD653900345316 /* Constants.m */ = {isa = PBXFileReference; fileEncoding = 4; lastKnownFileType = sourcecode.c.objc; path = Constants.m; sourceTree = "<group>"; };
		BA7F35EC1ADD660D00345316 /* Base */ = {isa = PBXFileReference; lastKnownFileType = file.xib; name = Base; path = Base.lproj/LaunchScreen.xib; sourceTree = "<group>"; };
		BA7F35EE1ADD660D00345316 /* Base */ = {isa = PBXFileReference; lastKnownFileType = file.storyboard; name = Base; path = Base.lproj/Main.storyboard; sourceTree = "<group>"; };
		BA7F35F51ADD900F00345316 /* FlightSearchController.h */ = {isa = PBXFileReference; fileEncoding = 4; lastKnownFileType = sourcecode.c.h; path = FlightSearchController.h; sourceTree = "<group>"; };
		BA7F35F61ADD900F00345316 /* FlightSearchController.m */ = {isa = PBXFileReference; fileEncoding = 4; lastKnownFileType = sourcecode.c.objc; path = FlightSearchController.m; sourceTree = "<group>"; };
		BA7F35F81ADD902200345316 /* FlightDateSelectionController.h */ = {isa = PBXFileReference; fileEncoding = 4; lastKnownFileType = sourcecode.c.h; path = FlightDateSelectionController.h; sourceTree = "<group>"; };
		BA7F35F91ADD902200345316 /* FlightDateSelectionController.m */ = {isa = PBXFileReference; fileEncoding = 4; lastKnownFileType = sourcecode.c.objc; path = FlightDateSelectionController.m; sourceTree = "<group>"; };
		BA7F35FB1ADEAA5600345316 /* FlightDateSelectionControllerDelegate.h */ = {isa = PBXFileReference; lastKnownFileType = sourcecode.c.h; path = FlightDateSelectionControllerDelegate.h; sourceTree = "<group>"; };
		BAF1F27B1ADD4FD300670873 /* Test.app */ = {isa = PBXFileReference; explicitFileType = wrapper.application; includeInIndex = 0; path = Test.app; sourceTree = BUILT_PRODUCTS_DIR; };
		BAF1F28B1ADD4FD300670873 /* Images.xcassets */ = {isa = PBXFileReference; lastKnownFileType = folder.assetcatalog; path = Images.xcassets; sourceTree = "<group>"; };
		EE9F3E750F8771459463B31E /* libPods-Test.a */ = {isa = PBXFileReference; explicitFileType = archive.ar; includeInIndex = 0; path = "libPods-Test.a"; sourceTree = BUILT_PRODUCTS_DIR; };
/* End PBXFileReference section */

/* Begin PBXFrameworksBuildPhase section */
		BAF1F2781ADD4FD300670873 /* Frameworks */ = {
			isa = PBXFrameworksBuildPhase;
			buildActionMask = 2147483647;
			files = (
				4AF2F85F2D61D791A5D8957B /* libPods-Test.a in Frameworks */,
			);
			runOnlyForDeploymentPostprocessing = 0;
		};
/* End PBXFrameworksBuildPhase section */

/* Begin PBXGroup section */
		3FA78CF334D0691E5F2FC165 /* Pods */ = {
			isa = PBXGroup;
			children = (
				6A6BD6B3FC18052E4672364E /* Pods-Test.debug.xcconfig */,
				897940753F58AEC0B9432922 /* Pods-Test.release.xcconfig */,
			);
			name = Pods;
			sourceTree = "<group>";
		};
		BA7F35C01ADD610200345316 /* AppDelegate */ = {
			isa = PBXGroup;
			children = (
				BA7F35C11ADD610200345316 /* AppDelegate.h */,
				BA7F35C21ADD610200345316 /* AppDelegate.m */,
			);
			path = AppDelegate;
			sourceTree = "<group>";
		};
		BA7F35C31ADD610200345316 /* Controllers */ = {
			isa = PBXGroup;
			children = (
				BA7F35F31ADD900F00345316 /* FlightDateSelectionController */,
				BA7F35F41ADD900F00345316 /* FlightSearchController */,
			);
			path = Controllers;
			sourceTree = "<group>";
		};
		BA7F35C61ADD610200345316 /* Models */ = {
			isa = PBXGroup;
			children = (
			);
			path = Models;
			sourceTree = "<group>";
		};
		BA7F35C91ADD62B200345316 /* SupportingFiles */ = {
			isa = PBXGroup;
			children = (
				BA7F35CA1ADD62B200345316 /* Info.plist */,
				BA7F35CB1ADD62B200345316 /* main.m */,
			);
			path = SupportingFiles;
			sourceTree = "<group>";
		};
		BA7F35DB1ADD653900345316 /* Misc */ = {
			isa = PBXGroup;
			children = (
				BA7F35DC1ADD653900345316 /* Constants */,
			);
			path = Misc;
			sourceTree = "<group>";
		};
		BA7F35DC1ADD653900345316 /* Constants */ = {
			isa = PBXGroup;
			children = (
				BA7F35DD1ADD653900345316 /* Constants.h */,
				BA7F35DE1ADD653900345316 /* Constants.m */,
			);
			path = Constants;
			sourceTree = "<group>";
		};
		BA7F35EA1ADD660D00345316 /* InterfaceBuilder */ = {
			isa = PBXGroup;
			children = (
				BA7F35F21ADD664000345316 /* Xibs */,
				BA7F35F11ADD663100345316 /* Storyboards */,
			);
			path = InterfaceBuilder;
			sourceTree = "<group>";
		};
		BA7F35F11ADD663100345316 /* Storyboards */ = {
			isa = PBXGroup;
			children = (
				BA7F35ED1ADD660D00345316 /* Main.storyboard */,
			);
			name = Storyboards;
			sourceTree = "<group>";
		};
		BA7F35F21ADD664000345316 /* Xibs */ = {
			isa = PBXGroup;
			children = (
				BA7F35EB1ADD660D00345316 /* LaunchScreen.xib */,
			);
			name = Xibs;
			sourceTree = "<group>";
		};
		BA7F35F31ADD900F00345316 /* FlightDateSelectionController */ = {
			isa = PBXGroup;
			children = (
				BA7F35F81ADD902200345316 /* FlightDateSelectionController.h */,
				BA7F35F91ADD902200345316 /* FlightDateSelectionController.m */,
				BA7F35FB1ADEAA5600345316 /* FlightDateSelectionControllerDelegate.h */,
			);
			path = FlightDateSelectionController;
			sourceTree = "<group>";
		};
		BA7F35F41ADD900F00345316 /* FlightSearchController */ = {
			isa = PBXGroup;
			children = (
				BA7F35F51ADD900F00345316 /* FlightSearchController.h */,
				BA7F35F61ADD900F00345316 /* FlightSearchController.m */,
			);
			path = FlightSearchController;
			sourceTree = "<group>";
		};
		BAF1F2721ADD4FD300670873 = {
			isa = PBXGroup;
			children = (
				BAF1F27D1ADD4FD300670873 /* Test */,
				BAF1F27C1ADD4FD300670873 /* Products */,
				3FA78CF334D0691E5F2FC165 /* Pods */,
				D3E1A050B610A55B0482A1E2 /* Frameworks */,
			);
			sourceTree = "<group>";
		};
		BAF1F27C1ADD4FD300670873 /* Products */ = {
			isa = PBXGroup;
			children = (
				BAF1F27B1ADD4FD300670873 /* Test.app */,
			);
			name = Products;
			sourceTree = "<group>";
		};
		BAF1F27D1ADD4FD300670873 /* Test */ = {
			isa = PBXGroup;
			children = (
				BA7F35C31ADD610200345316 /* Controllers */,
				BA7F35C61ADD610200345316 /* Models */,
				BA7F35EA1ADD660D00345316 /* InterfaceBuilder */,
				BA7F35DB1ADD653900345316 /* Misc */,
				BA7F35C91ADD62B200345316 /* SupportingFiles */,
				BA7F35C01ADD610200345316 /* AppDelegate */,
				BAF1F28B1ADD4FD300670873 /* Images.xcassets */,
			);
			path = Test;
			sourceTree = "<group>";
		};
		D3E1A050B610A55B0482A1E2 /* Frameworks */ = {
			isa = PBXGroup;
			children = (
				EE9F3E750F8771459463B31E /* libPods-Test.a */,
			);
			name = Frameworks;
			sourceTree = "<group>";
		};
/* End PBXGroup section */

/* Begin PBXNativeTarget section */
		BAF1F27A1ADD4FD300670873 /* Test */ = {
			isa = PBXNativeTarget;
			buildConfigurationList = BAF1F29E1ADD4FD300670873 /* Build configuration list for PBXNativeTarget "Test" */;
			buildPhases = (
				253A78897A2A118476BA683F /* Check Pods Manifest.lock */,
				BAF1F2771ADD4FD300670873 /* Sources */,
				BAF1F2781ADD4FD300670873 /* Frameworks */,
				BAF1F2791ADD4FD300670873 /* Resources */,
				AC43250CA6E96043AD28B70C /* Copy Pods Resources */,
			);
			buildRules = (
			);
			dependencies = (
			);
			name = Test;
			productName = Test;
			productReference = BAF1F27B1ADD4FD300670873 /* Test.app */;
			productType = "com.apple.product-type.application";
		};
/* End PBXNativeTarget section */

/* Begin PBXProject section */
		BAF1F2731ADD4FD300670873 /* Project object */ = {
			isa = PBXProject;
			attributes = {
				LastUpgradeCheck = 0620;
				ORGANIZATIONNAME = AnyWayAnyDay;
				TargetAttributes = {
					BAF1F27A1ADD4FD300670873 = {
						CreatedOnToolsVersion = 6.2;
					};
				};
			};
			buildConfigurationList = BAF1F2761ADD4FD300670873 /* Build configuration list for PBXProject "Test" */;
			compatibilityVersion = "Xcode 3.2";
			developmentRegion = English;
			hasScannedForEncodings = 0;
			knownRegions = (
				en,
				Base,
			);
			mainGroup = BAF1F2721ADD4FD300670873;
			productRefGroup = BAF1F27C1ADD4FD300670873 /* Products */;
			projectDirPath = "";
			projectRoot = "";
			targets = (
				BAF1F27A1ADD4FD300670873 /* Test */,
			);
		};
/* End PBXProject section */

/* Begin PBXResourcesBuildPhase section */
		BAF1F2791ADD4FD300670873 /* Resources */ = {
			isa = PBXResourcesBuildPhase;
			buildActionMask = 2147483647;
			files = (
				BA7F35EF1ADD660D00345316 /* LaunchScreen.xib in Resources */,
				BA7F35F01ADD660D00345316 /* Main.storyboard in Resources */,
				BA7F35CC1ADD62B200345316 /* Info.plist in Resources */,
				BAF1F28C1ADD4FD300670873 /* Images.xcassets in Resources */,
			);
			runOnlyForDeploymentPostprocessing = 0;
		};
/* End PBXResourcesBuildPhase section */

/* Begin PBXShellScriptBuildPhase section */
		253A78897A2A118476BA683F /* Check Pods Manifest.lock */ = {
			isa = PBXShellScriptBuildPhase;
			buildActionMask = 2147483647;
			files = (
			);
			inputPaths = (
			);
			name = "Check Pods Manifest.lock";
			outputPaths = (
			);
			runOnlyForDeploymentPostprocessing = 0;
			shellPath = /bin/sh;
			shellScript = "diff \"${PODS_ROOT}/../Podfile.lock\" \"${PODS_ROOT}/Manifest.lock\" > /dev/null\nif [[ $? != 0 ]] ; then\n    cat << EOM\nerror: The sandbox is not in sync with the Podfile.lock. Run 'pod install' or update your CocoaPods installation.\nEOM\n    exit 1\nfi\n";
			showEnvVarsInLog = 0;
		};
		AC43250CA6E96043AD28B70C /* Copy Pods Resources */ = {
			isa = PBXShellScriptBuildPhase;
			buildActionMask = 2147483647;
			files = (
			);
			inputPaths = (
			);
			name = "Copy Pods Resources";
			outputPaths = (
			);
			runOnlyForDeploymentPostprocessing = 0;
			shellPath = /bin/sh;
			shellScript = "\"${SRCROOT}/Pods/Target Support Files/Pods-Test/Pods-Test-resources.sh\"\n";
			showEnvVarsInLog = 0;
		};
/* End PBXShellScriptBuildPhase section */

/* Begin PBXSourcesBuildPhase section */
		BAF1F2771ADD4FD300670873 /* Sources */ = {
			isa = PBXSourcesBuildPhase;
			buildActionMask = 2147483647;
			files = (
				BA7F35CD1ADD62B200345316 /* main.m in Sources */,
				BA7F35FA1ADD902200345316 /* FlightDateSelectionController.m in Sources */,
				BA7F35C71ADD610200345316 /* AppDelegate.m in Sources */,
				BA7F35F71ADD900F00345316 /* FlightSearchController.m in Sources */,
				BA7F35E11ADD653900345316 /* Constants.m in Sources */,
			);
			runOnlyForDeploymentPostprocessing = 0;
		};
/* End PBXSourcesBuildPhase section */

/* Begin PBXVariantGroup section */
		BA7F35EB1ADD660D00345316 /* LaunchScreen.xib */ = {
			isa = PBXVariantGroup;
			children = (
				BA7F35EC1ADD660D00345316 /* Base */,
			);
			name = LaunchScreen.xib;
			sourceTree = "<group>";
		};
		BA7F35ED1ADD660D00345316 /* Main.storyboard */ = {
			isa = PBXVariantGroup;
			children = (
				BA7F35EE1ADD660D00345316 /* Base */,
			);
			name = Main.storyboard;
			sourceTree = "<group>";
		};
/* End PBXVariantGroup section */

/* Begin XCBuildConfiguration section */
		BAF1F29C1ADD4FD300670873 /* Debug */ = {
			isa = XCBuildConfiguration;
			buildSettings = {
				ALWAYS_SEARCH_USER_PATHS = NO;
				CLANG_CXX_LANGUAGE_STANDARD = "gnu++0x";
				CLANG_CXX_LIBRARY = "libc++";
				CLANG_ENABLE_MODULES = YES;
				CLANG_ENABLE_OBJC_ARC = YES;
				CLANG_WARN_BOOL_CONVERSION = YES;
				CLANG_WARN_CONSTANT_CONVERSION = YES;
				CLANG_WARN_DIRECT_OBJC_ISA_USAGE = YES_ERROR;
				CLANG_WARN_EMPTY_BODY = YES;
				CLANG_WARN_ENUM_CONVERSION = YES;
				CLANG_WARN_INT_CONVERSION = YES;
				CLANG_WARN_OBJC_ROOT_CLASS = YES_ERROR;
				CLANG_WARN_UNREACHABLE_CODE = YES;
				CLANG_WARN__DUPLICATE_METHOD_MATCH = YES;
				"CODE_SIGN_IDENTITY[sdk=iphoneos*]" = "iPhone Developer";
				COPY_PHASE_STRIP = NO;
				ENABLE_STRICT_OBJC_MSGSEND = YES;
				GCC_C_LANGUAGE_STANDARD = gnu99;
				GCC_DYNAMIC_NO_PIC = NO;
				GCC_OPTIMIZATION_LEVEL = 0;
				GCC_PREPROCESSOR_DEFINITIONS = (
					"DEBUG=1",
					"$(inherited)",
				);
				GCC_SYMBOLS_PRIVATE_EXTERN = NO;
				GCC_WARN_64_TO_32_BIT_CONVERSION = YES;
				GCC_WARN_ABOUT_RETURN_TYPE = YES_ERROR;
				GCC_WARN_UNDECLARED_SELECTOR = YES;
				GCC_WARN_UNINITIALIZED_AUTOS = YES_AGGRESSIVE;
				GCC_WARN_UNUSED_FUNCTION = YES;
				GCC_WARN_UNUSED_VARIABLE = YES;
				IPHONEOS_DEPLOYMENT_TARGET = 6.0;
				MTL_ENABLE_DEBUG_INFO = YES;
				ONLY_ACTIVE_ARCH = YES;
				SDKROOT = iphoneos;
				TARGETED_DEVICE_FAMILY = "1,2";
			};
			name = Debug;
		};
		BAF1F29D1ADD4FD300670873 /* Release */ = {
			isa = XCBuildConfiguration;
			buildSettings = {
				ALWAYS_SEARCH_USER_PATHS = NO;
				CLANG_CXX_LANGUAGE_STANDARD = "gnu++0x";
				CLANG_CXX_LIBRARY = "libc++";
				CLANG_ENABLE_MODULES = YES;
				CLANG_ENABLE_OBJC_ARC = YES;
				CLANG_WARN_BOOL_CONVERSION = YES;
				CLANG_WARN_CONSTANT_CONVERSION = YES;
				CLANG_WARN_DIRECT_OBJC_ISA_USAGE = YES_ERROR;
				CLANG_WARN_EMPTY_BODY = YES;
				CLANG_WARN_ENUM_CONVERSION = YES;
				CLANG_WARN_INT_CONVERSION = YES;
				CLANG_WARN_OBJC_ROOT_CLASS = YES_ERROR;
				CLANG_WARN_UNREACHABLE_CODE = YES;
				CLANG_WARN__DUPLICATE_METHOD_MATCH = YES;
				"CODE_SIGN_IDENTITY[sdk=iphoneos*]" = "iPhone Developer";
				COPY_PHASE_STRIP = NO;
				ENABLE_NS_ASSERTIONS = NO;
				ENABLE_STRICT_OBJC_MSGSEND = YES;
				GCC_C_LANGUAGE_STANDARD = gnu99;
				GCC_WARN_64_TO_32_BIT_CONVERSION = YES;
				GCC_WARN_ABOUT_RETURN_TYPE = YES_ERROR;
				GCC_WARN_UNDECLARED_SELECTOR = YES;
				GCC_WARN_UNINITIALIZED_AUTOS = YES_AGGRESSIVE;
				GCC_WARN_UNUSED_FUNCTION = YES;
				GCC_WARN_UNUSED_VARIABLE = YES;
				IPHONEOS_DEPLOYMENT_TARGET = 6.0;
				MTL_ENABLE_DEBUG_INFO = NO;
				SDKROOT = iphoneos;
				TARGETED_DEVICE_FAMILY = "1,2";
				VALIDATE_PRODUCT = YES;
			};
			name = Release;
		};
		BAF1F29F1ADD4FD300670873 /* Debug */ = {
			isa = XCBuildConfiguration;
			baseConfigurationReference = 6A6BD6B3FC18052E4672364E /* Pods-Test.debug.xcconfig */;
			buildSettings = {
				ASSETCATALOG_COMPILER_APPICON_NAME = AppIcon;
				INFOPLIST_FILE = "$(SRCROOT)/Test/SupportingFiles/Info.plist";
				LD_RUNPATH_SEARCH_PATHS = "$(inherited) @executable_path/Frameworks";
				PRODUCT_NAME = "$(TARGET_NAME)";
			};
			name = Debug;
		};
		BAF1F2A01ADD4FD300670873 /* Release */ = {
			isa = XCBuildConfiguration;
			baseConfigurationReference = 897940753F58AEC0B9432922 /* Pods-Test.release.xcconfig */;
			buildSettings = {
				ASSETCATALOG_COMPILER_APPICON_NAME = AppIcon;
				INFOPLIST_FILE = "$(SRCROOT)/Test/SupportingFiles/Info.plist";
				LD_RUNPATH_SEARCH_PATHS = "$(inherited) @executable_path/Frameworks";
				PRODUCT_NAME = "$(TARGET_NAME)";
			};
			name = Release;
		};
/* End XCBuildConfiguration section */

/* Begin XCConfigurationList section */
		BAF1F2761ADD4FD300670873 /* Build configuration list for PBXProject "Test" */ = {
			isa = XCConfigurationList;
			buildConfigurations = (
				BAF1F29C1ADD4FD300670873 /* Debug */,
				BAF1F29D1ADD4FD300670873 /* Release */,
			);
			defaultConfigurationIsVisible = 0;
			defaultConfigurationName = Release;
		};
		BAF1F29E1ADD4FD300670873 /* Build configuration list for PBXNativeTarget "Test" */ = {
			isa = XCConfigurationList;
			buildConfigurations = (
				BAF1F29F1ADD4FD300670873 /* Debug */,
				BAF1F2A01ADD4FD300670873 /* Release */,
			);
			defaultConfigurationIsVisible = 0;
			defaultConfigurationName = Release;
		};
/* End XCConfigurationList section */
	};
	rootObject = BAF1F2731ADD4FD300670873 /* Project object */;
}
