PODS:
  - ActionSheetPicker-3.0 (1.6.1)
  - AFNetworking (2.5.2):
    - AFNetworking/NSURLConnection (= 2.5.2)
    - AFNetworking/NSURLSession (= 2.5.2)
    - AFNetworking/Reachability (= 2.5.2)
    - AFNetworking/Security (= 2.5.2)
    - AFNetworking/Serialization (= 2.5.2)
    - AFNetworking/UIKit (= 2.5.2)
  - AFNetworking/NSURLConnection (2.5.2):
    - AFNetworking/Reachability
    - AFNetworking/Security
    - AFNetworking/Serialization
  - AFNetworking/NSURLSession (2.5.2):
    - AFNetworking/Reachability
    - AFNetworking/Security
    - AFNetworking/Serialization
  - AFNetworking/Reachability (2.5.2)
  - AFNetworking/Security (2.5.2)
  - AFNetworking/Serialization (2.5.2)
  - AFNetworking/UIKit (2.5.2):
    - AFNetworking/NSURLConnection
    - AFNetworking/NSURLSession
  - Mantle (2.0):
    - Mantle/extobjc (= 2.0)
  - Mantle/extobjc (2.0)
  - RDVCalendarView (1.0.7)
  - SVProgressHUD (1.1)

DEPENDENCIES:
  - ActionSheetPicker-3.0 (~> 1.6.1)
  - AFNetworking (~> 2.5.2)
  - Mantle (~> 2.0)
  - RDVCalendarView (~> 1.0.7)
  - SVProgressHUD (= 1.1)

SPEC CHECKSUMS:
  ActionSheetPicker-3.0: f8da36f51ba109882a7cfa5979a4856b4e26fa37
  AFNetworking: fefbce9660acb17f48ae0011292d4da0f457bf36
  Mantle: 17de73ef929db2234d76fde2aacfb89ab11c61e8
  RDVCalendarView: f9702024bbbc235709748812cff6f5f48b147fbb
  SVProgressHUD: 54de4d9ab38aa3f688da401f5766a5738084e7fb

COCOAPODS: 0.36.4
